{
  "object": {
    "pins": [
      {
        "package": "json-rpc-websockets",
        "repositoryURL": "https://github.com/Bandwidth/json-rpc-websockets.git",
        "state": {
          "branch": null,
          "revision": "7c35e5d351b3f9bba1ece6df69bec9dd1dc42fa6",
          "version": "0.1.0"
        }
      },
      {
        "package": "WebRTC",
        "repositoryURL": "https://github.com/stasel/WebRTC.git",
        "state": {
          "branch": null,
          "revision": "86dbb5cb57e4da009b859a6245b1c10d610f215a",
          "version": "140.0.0"
        }
      }
    ]
  },
  "version": 1
}
